
Microsoft Visual Studio Solution File, Format Version 12.00
# Visual Studio Version 16
VisualStudioVersion = 16.0.31005.135
MinimumVisualStudioVersion = 10.0.40219.1
Project("{FAE04EC0-301F-11D3-BF4B-00C04F79EFBC}") = "hurensohn", "hurensohn\hurensohn.csproj", "{F23B43A6-D5B0-4FFF-A166-3A7DF22CF4F6}"
EndProject
Global
	GlobalSection(SolutionConfigurationPlatforms) = preSolution
		Debug|Any CPU = Debug|Any CPU
		Release|Any CPU = Release|Any CPU
	EndGlobalSection
	GlobalSection(ProjectConfigurationPlatforms) = postSolution
		{F23B43A6-D5B0-4FFF-A166-3A7DF22CF4F6}.Debug|Any CPU.ActiveCfg = Debug|Any CPU
		{F23B43A6-D5B0-4FFF-A166-3A7DF22CF4F6}.Debug|Any CPU.Build.0 = Debug|Any CPU
		{F23B43A6-D5B0-4FFF-A166-3A7DF22CF4F6}.Release|Any CPU.ActiveCfg = Release|Any CPU
		{F23B43A6-D5B0-4FFF-A166-3A7DF22CF4F6}.Release|Any CPU.Build.0 = Release|Any CPU
	EndGlobalSection
	GlobalSection(SolutionProperties) = preSolution
		HideSolutionNode = FALSE
	EndGlobalSection
	GlobalSection(ExtensibilityGlobals) = postSolution
		SolutionGuid = {3CE2E1DD-768E-4A75-9EEC-69D3C7B3A60D}
	EndGlobalSection
EndGlobal
